
Microsoft Visual Studio Solution File, Format Version 12.00
# Visual Studio Version 17
VisualStudioVersion = 17.3.32922.545
MinimumVisualStudioVersion = 10.0.40219.1
Project("{2150E333-8FDC-42A3-9474-1A3956D46DE8}") = "1_PresentationLayer", "1_PresentationLayer", "{61ECC3B6-DED6-4C4A-844F-71D20117643D}"
EndProject
Project("{2150E333-8FDC-42A3-9474-1A3956D46DE8}") = "2_BusinessLayer", "2_BusinessLayer", "{B5B919EB-3FAB-4290-ABE9-20E81078743F}"
EndProject
Project("{9A19103F-16F7-4668-BE54-9A1E7A4F7556}") = "Bingo.Web", "..\Bingo.Web\Bingo.Web.csproj", "{C02318B1-ADF9-4E49-BEF7-FDF68DD33555}"
EndProject
Project("{FAE04EC0-301F-11D3-BF4B-00C04F79EFBC}") = "Bingo.Domain.Models", "Bingo.Domain.Models\Bingo.Domain.Models.csproj", "{6FAEBE8F-BC28-4773-A4F7-76FEE21B0ADB}"
EndProject
Project("{FAE04EC0-301F-11D3-BF4B-00C04F79EFBC}") = "Bingo.Domain.Services", "Bingo.Domain.Services\Bingo.Domain.Services.csproj", "{8028B06A-4D6A-4BE2-957D-2AAF36B33308}"
EndProject
Global
	GlobalSection(SolutionConfigurationPlatforms) = preSolution
		Debug|Any CPU = Debug|Any CPU
		Release|Any CPU = Release|Any CPU
	EndGlobalSection
	GlobalSection(ProjectConfigurationPlatforms) = postSolution
		{C02318B1-ADF9-4E49-BEF7-FDF68DD33555}.Debug|Any CPU.ActiveCfg = Debug|Any CPU
		{C02318B1-ADF9-4E49-BEF7-FDF68DD33555}.Debug|Any CPU.Build.0 = Debug|Any CPU
		{C02318B1-ADF9-4E49-BEF7-FDF68DD33555}.Release|Any CPU.ActiveCfg = Release|Any CPU
		{C02318B1-ADF9-4E49-BEF7-FDF68DD33555}.Release|Any CPU.Build.0 = Release|Any CPU
		{6FAEBE8F-BC28-4773-A4F7-76FEE21B0ADB}.Debug|Any CPU.ActiveCfg = Debug|Any CPU
		{6FAEBE8F-BC28-4773-A4F7-76FEE21B0ADB}.Debug|Any CPU.Build.0 = Debug|Any CPU
		{6FAEBE8F-BC28-4773-A4F7-76FEE21B0ADB}.Release|Any CPU.ActiveCfg = Release|Any CPU
		{6FAEBE8F-BC28-4773-A4F7-76FEE21B0ADB}.Release|Any CPU.Build.0 = Release|Any CPU
		{8028B06A-4D6A-4BE2-957D-2AAF36B33308}.Debug|Any CPU.ActiveCfg = Debug|Any CPU
		{8028B06A-4D6A-4BE2-957D-2AAF36B33308}.Debug|Any CPU.Build.0 = Debug|Any CPU
		{8028B06A-4D6A-4BE2-957D-2AAF36B33308}.Release|Any CPU.ActiveCfg = Release|Any CPU
		{8028B06A-4D6A-4BE2-957D-2AAF36B33308}.Release|Any CPU.Build.0 = Release|Any CPU
	EndGlobalSection
	GlobalSection(SolutionProperties) = preSolution
		HideSolutionNode = FALSE
	EndGlobalSection
	GlobalSection(NestedProjects) = preSolution
		{C02318B1-ADF9-4E49-BEF7-FDF68DD33555} = {61ECC3B6-DED6-4C4A-844F-71D20117643D}
		{6FAEBE8F-BC28-4773-A4F7-76FEE21B0ADB} = {B5B919EB-3FAB-4290-ABE9-20E81078743F}
		{8028B06A-4D6A-4BE2-957D-2AAF36B33308} = {B5B919EB-3FAB-4290-ABE9-20E81078743F}
	EndGlobalSection
	GlobalSection(ExtensibilityGlobals) = postSolution
		SolutionGuid = {25AC4231-7175-41F6-98A0-8D377918B932}
	EndGlobalSection
EndGlobal
